
Microsoft Visual Studio Solution File, Format Version 11.00
# Visual Studio 2010
Project("{8BC9CEB8-8B4A-11D0-8D11-00A0C91BC942}") = "RM Susano'o Encrypter", "RM Susano'o Encrypter\RM Susano'o Encrypter.vcxproj", "{E0CA8096-BDDB-4BA4-872D-9854EE07D7ED}"
EndProject
Global
	GlobalSection(SolutionConfigurationPlatforms) = preSolution
		Debug|Win32 = Debug|Win32
		Release|Win32 = Release|Win32
	EndGlobalSection
	GlobalSection(ProjectConfigurationPlatforms) = postSolution
		{E0CA8096-BDDB-4BA4-872D-9854EE07D7ED}.Debug|Win32.ActiveCfg = Release|Win32
		{E0CA8096-BDDB-4BA4-872D-9854EE07D7ED}.Debug|Win32.Build.0 = Release|Win32
		{E0CA8096-BDDB-4BA4-872D-9854EE07D7ED}.Release|Win32.ActiveCfg = Debug|Win32
		{E0CA8096-BDDB-4BA4-872D-9854EE07D7ED}.Release|Win32.Build.0 = Debug|Win32
	EndGlobalSection
	GlobalSection(SolutionProperties) = preSolution
		HideSolutionNode = FALSE
	EndGlobalSection
EndGlobal
